
Microsoft Visual Studio Solution File, Format Version 12.00
# Visual Studio Version 17
VisualStudioVersion = 17.5.002.0
MinimumVisualStudioVersion = 10.0.40219.1
Project("{2150E333-8FDC-42A3-9474-1A3956D46DE8}") = "PongGame", "PongGame", "{A6CF5720-9CBE-4EA6-A424-D60E5145B95F}"
EndProject
Project("{9A19103F-16F7-4668-BE54-9A1E7A4F7556}") = "SimplePongGame", "PongGame\SimplePongGame\SimplePongGame.csproj", "{360A707D-A619-46A5-B9C0-6D1C2EB4CE55}"
EndProject
Global
	GlobalSection(SolutionConfigurationPlatforms) = preSolution
		Debug|Any CPU = Debug|Any CPU
		Release|Any CPU = Release|Any CPU
	EndGlobalSection
	GlobalSection(ProjectConfigurationPlatforms) = postSolution
		{360A707D-A619-46A5-B9C0-6D1C2EB4CE55}.Debug|Any CPU.ActiveCfg = Debug|Any CPU
		{360A707D-A619-46A5-B9C0-6D1C2EB4CE55}.Debug|Any CPU.Build.0 = Debug|Any CPU
		{360A707D-A619-46A5-B9C0-6D1C2EB4CE55}.Release|Any CPU.ActiveCfg = Release|Any CPU
		{360A707D-A619-46A5-B9C0-6D1C2EB4CE55}.Release|Any CPU.Build.0 = Release|Any CPU
	EndGlobalSection
	GlobalSection(SolutionProperties) = preSolution
		HideSolutionNode = FALSE
	EndGlobalSection
	GlobalSection(NestedProjects) = preSolution
		{360A707D-A619-46A5-B9C0-6D1C2EB4CE55} = {A6CF5720-9CBE-4EA6-A424-D60E5145B95F}
	EndGlobalSection
	GlobalSection(ExtensibilityGlobals) = postSolution
		SolutionGuid = {5E192882-2E3F-4A16-AD35-72635F7FE62C}
	EndGlobalSection
EndGlobal
